
Microsoft Visual Studio Solution File, Format Version 12.00
# Visual Studio Version 16
VisualStudioVersion = 16.0.30128.74
MinimumVisualStudioVersion = 10.0.40219.1
Project("{FAE04EC0-301F-11D3-BF4B-00C04F79EFBC}") = "CEntidades", "CEntidades.csproj", "{34FAF563-ACCE-4C9F-9431-E592C2CABCF7}"
EndProject
Global
	GlobalSection(SolutionConfigurationPlatforms) = preSolution
		Debug|Any CPU = Debug|Any CPU
		Release|Any CPU = Release|Any CPU
	EndGlobalSection
	GlobalSection(ProjectConfigurationPlatforms) = postSolution
		{34FAF563-ACCE-4C9F-9431-E592C2CABCF7}.Debug|Any CPU.ActiveCfg = Debug|Any CPU
		{34FAF563-ACCE-4C9F-9431-E592C2CABCF7}.Debug|Any CPU.Build.0 = Debug|Any CPU
		{34FAF563-ACCE-4C9F-9431-E592C2CABCF7}.Release|Any CPU.ActiveCfg = Release|Any CPU
		{34FAF563-ACCE-4C9F-9431-E592C2CABCF7}.Release|Any CPU.Build.0 = Release|Any CPU
	EndGlobalSection
	GlobalSection(SolutionProperties) = preSolution
		HideSolutionNode = FALSE
	EndGlobalSection
	GlobalSection(ExtensibilityGlobals) = postSolution
		SolutionGuid = {CCE96656-2805-4B7B-A1B1-5E875D45C628}
	EndGlobalSection
EndGlobal
